
Microsoft Visual Studio Solution File, Format Version 12.00
# Visual Studio Version 16
VisualStudioVersion = 16.0.30204.135
MinimumVisualStudioVersion = 10.0.40219.1
Project("{FAE04EC0-301F-11D3-BF4B-00C04F79EFBC}") = "sluCHAYno", "sluCHAYno\sluCHAYno.csproj", "{5ADEA5D4-BE30-435E-8492-46BBAB222CAD}"
EndProject
Global
	GlobalSection(SolutionConfigurationPlatforms) = preSolution
		Debug|Any CPU = Debug|Any CPU
		Release|Any CPU = Release|Any CPU
	EndGlobalSection
	GlobalSection(ProjectConfigurationPlatforms) = postSolution
		{5ADEA5D4-BE30-435E-8492-46BBAB222CAD}.Debug|Any CPU.ActiveCfg = Debug|Any CPU
		{5ADEA5D4-BE30-435E-8492-46BBAB222CAD}.Debug|Any CPU.Build.0 = Debug|Any CPU
		{5ADEA5D4-BE30-435E-8492-46BBAB222CAD}.Release|Any CPU.ActiveCfg = Release|Any CPU
		{5ADEA5D4-BE30-435E-8492-46BBAB222CAD}.Release|Any CPU.Build.0 = Release|Any CPU
	EndGlobalSection
	GlobalSection(SolutionProperties) = preSolution
		HideSolutionNode = FALSE
	EndGlobalSection
	GlobalSection(ExtensibilityGlobals) = postSolution
		SolutionGuid = {97EA6553-A3EB-454A-80EC-08E95607EAB1}
	EndGlobalSection
EndGlobal
